---
ID: "dc8bdebc-6e85-41d9-92ef-26d29f820955"
Parent: "f66a5c64-371e-4467-b48e-85b1720cc8d0"
Template: "04646a89-996f-4ee7-878a-ffdbf1f0ef0d"
Path: /sitecore/layout/Renderings/Feature/SUGCON/General/Custom Content Block
SharedFields:
- ID: "037fe404-dd19-4bf7-8e30-4dadf68b27b0"
  Hint: componentName
  Value: CustomContentBlock
- ID: "1a7c85e5-dc0b-490d-9187-bb1dbcb4c72f"
  Hint: Datasource Template
  Value: /sitecore/templates/Feature/SUGCON/General/Custom Content Block/Custom Content Block
- ID: "a77e8568-1ab3-44f1-a664-b7c37ec7810d"
  Hint: Parameters Template
  Value: "{3228313E-325F-4ADF-AFD3-B16C5C3DA60D}"
- ID: "b5b27af1-25ef-405c-87ce-369b3a004016"
  Hint: Datasource Location
  Value: ./Data
Languages:
- Language: en
  Versions:
  - Version: 1
    Fields:
    - ID: "25bed78c-4957-4165-998a-ca1b52f67497"
      Hint: __Created
      Value: 20230914T190622Z
    - ID: "52807595-0f8f-4b20-8d2a-cb71d28c6103"
      Hint: __Owner
      Value: |
        sitecore\Admin
    - ID: "5dd74568-4d4b-44c1-b513-0af5f4cda34f"
      Hint: __Created by
      Value: |
        sitecore\Admin
    - ID: "8cdc337e-a112-42fb-bbb4-4143751e123f"
      Hint: __Revision
      Value: "d10a147f-1394-40f0-8def-d3e901a06bc2"
    - ID: "badd9cf9-53e0-4d0c-bcc0-2d784c282f6a"
      Hint: __Updated by
      Value: |
        sitecore\Admin
    - ID: "d9cf14b1-fa16-4ba6-9288-e8a174d4d522"
      Hint: __Updated
      Value: 20230914T190710Z
